<Solution>
  <Project Path="TicTacToe3D.GamePlay.UI.PanelSelection.csproj" />
  <Project Path="TicTacToe3D.GamePlay.Cube.csproj" />
  <Project Path="TicTacToe3D.UI.Interaction.Inheritance.csproj" />
  <Project Path="TicTacToe3D.Safety.csproj" />
  <Project Path="TicTacToe.Input.Button.csproj" />
  <Project Path="TicTacToe3D.Animation.Inheritance.csproj" />
  <Project Path="TicTacToe.GamePlay.Block.csproj" />
  <Project Path="TicTacToe3D.GamePlay.Main.csproj" />
  <Project Path="TicTacToe.Input.Toggle.csproj" />
  <Project Path="TicTacToe.Input.csproj" />
  <Project Path="TicTacToe3D.UI.Interaction.Toggle.csproj" />
  <Project Path="TicTacToe3D.UI.Interaction.Button.csproj" />
</Solution>
